
Microsoft Visual Studio Solution File, Format Version 12.00
# Visual Studio Version 17
VisualStudioVersion = 17.7.34031.279
MinimumVisualStudioVersion = 10.0.40219.1
Project("{9A19103F-16F7-4668-BE54-9A1E7A4F7556}") = "FilmFlow", "FilmFlow.csproj", "{49DAFDFA-E11F-49BE-9BA7-5709000074F5}"
EndProject
Project("{9A19103F-16F7-4668-BE54-9A1E7A4F7556}") = "FilmFlow.Tests", "..\FilmFlow.Tests\FilmFlow.Tests.csproj", "{78E02E89-3EE6-4638-8399-A73E83AEF1FD}"
EndProject
Global
	GlobalSection(SolutionConfigurationPlatforms) = preSolution
		Debug|Any CPU = Debug|Any CPU
		Release|Any CPU = Release|Any CPU
	EndGlobalSection
	GlobalSection(ProjectConfigurationPlatforms) = postSolution
		{49DAFDFA-E11F-49BE-9BA7-5709000074F5}.Debug|Any CPU.ActiveCfg = Debug|Any CPU
		{49DAFDFA-E11F-49BE-9BA7-5709000074F5}.Debug|Any CPU.Build.0 = Debug|Any CPU
		{49DAFDFA-E11F-49BE-9BA7-5709000074F5}.Release|Any CPU.ActiveCfg = Release|Any CPU
		{49DAFDFA-E11F-49BE-9BA7-5709000074F5}.Release|Any CPU.Build.0 = Release|Any CPU
		{78E02E89-3EE6-4638-8399-A73E83AEF1FD}.Debug|Any CPU.ActiveCfg = Debug|Any CPU
		{78E02E89-3EE6-4638-8399-A73E83AEF1FD}.Debug|Any CPU.Build.0 = Debug|Any CPU
		{78E02E89-3EE6-4638-8399-A73E83AEF1FD}.Release|Any CPU.ActiveCfg = Release|Any CPU
		{78E02E89-3EE6-4638-8399-A73E83AEF1FD}.Release|Any CPU.Build.0 = Release|Any CPU
	EndGlobalSection
	GlobalSection(SolutionProperties) = preSolution
		HideSolutionNode = FALSE
	EndGlobalSection
	GlobalSection(ExtensibilityGlobals) = postSolution
		SolutionGuid = {7B7912CC-3FEB-49F5-92F4-2A595E2BDEAB}
	EndGlobalSection
EndGlobal
